
Microsoft Visual Studio Solution File, Format Version 12.00
# Visual Studio Version 16
VisualStudioVersion = 16.0.28803.352
MinimumVisualStudioVersion = 10.0.40219.1
Project("{FAE04EC0-301F-11D3-BF4B-00C04F79EFBC}") = "CustomVisionGlobalAI.Training", "CustomVisionGlobalAI.Training\CustomVisionGlobalAI.Training.csproj", "{D71EA723-DEE6-4A7A-839D-D15624EB9392}"
EndProject
Project("{FAE04EC0-301F-11D3-BF4B-00C04F79EFBC}") = "CustomVisionGlobalAI.Prediction", "CustomVisionGlobalAI.Prediction\CustomVisionGlobalAI.Prediction.csproj", "{AD18D4EB-0978-45E1-BA2F-EC6A5EB2CF79}"
EndProject
Global
	GlobalSection(SolutionConfigurationPlatforms) = preSolution
		Debug|Any CPU = Debug|Any CPU
		Release|Any CPU = Release|Any CPU
	EndGlobalSection
	GlobalSection(ProjectConfigurationPlatforms) = postSolution
		{D71EA723-DEE6-4A7A-839D-D15624EB9392}.Debug|Any CPU.ActiveCfg = Debug|Any CPU
		{D71EA723-DEE6-4A7A-839D-D15624EB9392}.Debug|Any CPU.Build.0 = Debug|Any CPU
		{D71EA723-DEE6-4A7A-839D-D15624EB9392}.Release|Any CPU.ActiveCfg = Release|Any CPU
		{D71EA723-DEE6-4A7A-839D-D15624EB9392}.Release|Any CPU.Build.0 = Release|Any CPU
		{AD18D4EB-0978-45E1-BA2F-EC6A5EB2CF79}.Debug|Any CPU.ActiveCfg = Debug|Any CPU
		{AD18D4EB-0978-45E1-BA2F-EC6A5EB2CF79}.Debug|Any CPU.Build.0 = Debug|Any CPU
		{AD18D4EB-0978-45E1-BA2F-EC6A5EB2CF79}.Release|Any CPU.ActiveCfg = Release|Any CPU
		{AD18D4EB-0978-45E1-BA2F-EC6A5EB2CF79}.Release|Any CPU.Build.0 = Release|Any CPU
	EndGlobalSection
	GlobalSection(SolutionProperties) = preSolution
		HideSolutionNode = FALSE
	EndGlobalSection
	GlobalSection(ExtensibilityGlobals) = postSolution
		SolutionGuid = {AD82A51D-0DE0-4F9D-BDC5-98869CDD129A}
	EndGlobalSection
EndGlobal
